
Microsoft Visual Studio Solution File, Format Version 12.00
# Visual Studio Version 17
VisualStudioVersion = 17.10.35013.160
MinimumVisualStudioVersion = 10.0.40219.1
Project("{FAE04EC0-301F-11D3-BF4B-00C04F79EFBC}") = "Pythagoras Formula", "Pythagoras Formula\Pythagoras Formula.csproj", "{F1F3F86D-5B15-45E1-91CC-FC07119721FF}"
EndProject
Global
	GlobalSection(SolutionConfigurationPlatforms) = preSolution
		Debug|Any CPU = Debug|Any CPU
		Release|Any CPU = Release|Any CPU
	EndGlobalSection
	GlobalSection(ProjectConfigurationPlatforms) = postSolution
		{F1F3F86D-5B15-45E1-91CC-FC07119721FF}.Debug|Any CPU.ActiveCfg = Debug|Any CPU
		{F1F3F86D-5B15-45E1-91CC-FC07119721FF}.Debug|Any CPU.Build.0 = Debug|Any CPU
		{F1F3F86D-5B15-45E1-91CC-FC07119721FF}.Release|Any CPU.ActiveCfg = Release|Any CPU
		{F1F3F86D-5B15-45E1-91CC-FC07119721FF}.Release|Any CPU.Build.0 = Release|Any CPU
	EndGlobalSection
	GlobalSection(SolutionProperties) = preSolution
		HideSolutionNode = FALSE
	EndGlobalSection
	GlobalSection(ExtensibilityGlobals) = postSolution
		SolutionGuid = {ABC7B555-952C-4234-95FF-184AA4F2B365}
	EndGlobalSection
EndGlobal
